
Microsoft Visual Studio Solution File, Format Version 12.00
# Visual Studio Version 16
VisualStudioVersion = 16.0.28922.388
MinimumVisualStudioVersion = 10.0.40219.1
Project("{9A19103F-16F7-4668-BE54-9A1E7A4F7556}") = "AlphaCabulary.Business", "AlphaCabulary.Business\AlphaCabulary.Business.csproj", "{7FDD835D-D3FD-4728-A6F1-1AF73F44828E}"
EndProject
Project("{9A19103F-16F7-4668-BE54-9A1E7A4F7556}") = "AlphaCabulary.ApplicationCore", "AlphaCabulary.ApplicationCore\AlphaCabulary.ApplicationCore.csproj", "{6990EA41-3280-49F4-AD19-ACE9CA5C0D48}"
EndProject
Project("{2150E333-8FDC-42A3-9474-1A3956D46DE8}") = "Test", "Test", "{CFE9BDF8-6CAA-4EAA-B068-E8973C53DEC4}"
EndProject
Project("{FAE04EC0-301F-11D3-BF4B-00C04F79EFBC}") = "AlphaCabulary.Business.Test", "AlphaCabulary.Business.Test\AlphaCabulary.Business.Test.csproj", "{889FC377-265A-405D-BFD2-BEB7DC432755}"
EndProject
Project("{9A19103F-16F7-4668-BE54-9A1E7A4F7556}") = "AlphaCabulary.Data", "AlphaCabulary.Data\AlphaCabulary.Data.csproj", "{C2E61D7C-6BCD-4A36-A7BC-3D60D0A83B8C}"
EndProject
Project("{FAE04EC0-301F-11D3-BF4B-00C04F79EFBC}") = "AlphaCabulary.Data.Test", "AlphaCabulary.Data.Test\AlphaCabulary.Data.Test.csproj", "{82ABDB02-58A1-416F-B3F1-07D65EF52FBB}"
EndProject
Project("{9A19103F-16F7-4668-BE54-9A1E7A4F7556}") = "AlphaCabulary.CLI.CrossPlatform", "AlphaCabulary.ConsoleApp.CrossPlatform\AlphaCabulary.CLI.CrossPlatform.csproj", "{65D8CFA0-AECE-417C-86AB-784D9B2DDD16}"
EndProject
Project("{FAE04EC0-301F-11D3-BF4B-00C04F79EFBC}") = "AlphaCabulary.UWP", "AlphaCabulary\AlphaCabulary.UWP\AlphaCabulary.UWP.csproj", "{45AD5870-5DA0-4192-9F49-83D59C6503A2}"
EndProject
Project("{FAE04EC0-301F-11D3-BF4B-00C04F79EFBC}") = "AlphaCabulary.Android", "AlphaCabulary\AlphaCabulary.Android\AlphaCabulary.Android.csproj", "{0F5A786C-BDEA-4513-9ABF-7AAF7FECD3BD}"
EndProject
Project("{FAE04EC0-301F-11D3-BF4B-00C04F79EFBC}") = "AlphaCabulary.iOS", "AlphaCabulary\AlphaCabulary.iOS\AlphaCabulary.iOS.csproj", "{1923336D-091A-46B2-9613-338DF574EBDA}"
EndProject
Project("{FAE04EC0-301F-11D3-BF4B-00C04F79EFBC}") = "AlphaCabulary", "AlphaCabulary\AlphaCabulary\AlphaCabulary.csproj", "{78E15D93-3D72-4F47-B896-267D3A00B4AB}"
EndProject
Global
	GlobalSection(SolutionConfigurationPlatforms) = preSolution
		Debug|Any CPU = Debug|Any CPU
		Debug|ARM = Debug|ARM
		Debug|iPhone = Debug|iPhone
		Debug|iPhoneSimulator = Debug|iPhoneSimulator
		Debug|x64 = Debug|x64
		Debug|x86 = Debug|x86
		Release|Any CPU = Release|Any CPU
		Release|ARM = Release|ARM
		Release|iPhone = Release|iPhone
		Release|iPhoneSimulator = Release|iPhoneSimulator
		Release|x64 = Release|x64
		Release|x86 = Release|x86
	EndGlobalSection
	GlobalSection(ProjectConfigurationPlatforms) = postSolution
		{7FDD835D-D3FD-4728-A6F1-1AF73F44828E}.Debug|Any CPU.ActiveCfg = Debug|Any CPU
		{7FDD835D-D3FD-4728-A6F1-1AF73F44828E}.Debug|Any CPU.Build.0 = Debug|Any CPU
		{7FDD835D-D3FD-4728-A6F1-1AF73F44828E}.Debug|ARM.ActiveCfg = Debug|Any CPU
		{7FDD835D-D3FD-4728-A6F1-1AF73F44828E}.Debug|ARM.Build.0 = Debug|Any CPU
		{7FDD835D-D3FD-4728-A6F1-1AF73F44828E}.Debug|iPhone.ActiveCfg = Debug|Any CPU
		{7FDD835D-D3FD-4728-A6F1-1AF73F44828E}.Debug|iPhone.Build.0 = Debug|Any CPU
		{7FDD835D-D3FD-4728-A6F1-1AF73F44828E}.Debug|iPhoneSimulator.ActiveCfg = Debug|Any CPU
		{7FDD835D-D3FD-4728-A6F1-1AF73F44828E}.Debug|iPhoneSimulator.Build.0 = Debug|Any CPU
		{7FDD835D-D3FD-4728-A6F1-1AF73F44828E}.Debug|x64.ActiveCfg = Debug|Any CPU
		{7FDD835D-D3FD-4728-A6F1-1AF73F44828E}.Debug|x64.Build.0 = Debug|Any CPU
		{7FDD835D-D3FD-4728-A6F1-1AF73F44828E}.Debug|x86.ActiveCfg = Debug|Any CPU
		{7FDD835D-D3FD-4728-A6F1-1AF73F44828E}.Debug|x86.Build.0 = Debug|Any CPU
		{7FDD835D-D3FD-4728-A6F1-1AF73F44828E}.Release|Any CPU.ActiveCfg = Release|Any CPU
		{7FDD835D-D3FD-4728-A6F1-1AF73F44828E}.Release|Any CPU.Build.0 = Release|Any CPU
		{7FDD835D-D3FD-4728-A6F1-1AF73F44828E}.Release|ARM.ActiveCfg = Release|Any CPU
		{7FDD835D-D3FD-4728-A6F1-1AF73F44828E}.Release|ARM.Build.0 = Release|Any CPU
		{7FDD835D-D3FD-4728-A6F1-1AF73F44828E}.Release|iPhone.ActiveCfg = Release|Any CPU
		{7FDD835D-D3FD-4728-A6F1-1AF73F44828E}.Release|iPhone.Build.0 = Release|Any CPU
		{7FDD835D-D3FD-4728-A6F1-1AF73F44828E}.Release|iPhoneSimulator.ActiveCfg = Release|Any CPU
		{7FDD835D-D3FD-4728-A6F1-1AF73F44828E}.Release|iPhoneSimulator.Build.0 = Release|Any CPU
		{7FDD835D-D3FD-4728-A6F1-1AF73F44828E}.Release|x64.ActiveCfg = Release|Any CPU
		{7FDD835D-D3FD-4728-A6F1-1AF73F44828E}.Release|x64.Build.0 = Release|Any CPU
		{7FDD835D-D3FD-4728-A6F1-1AF73F44828E}.Release|x86.ActiveCfg = Release|Any CPU
		{7FDD835D-D3FD-4728-A6F1-1AF73F44828E}.Release|x86.Build.0 = Release|Any CPU
		{6990EA41-3280-49F4-AD19-ACE9CA5C0D48}.Debug|Any CPU.ActiveCfg = Debug|Any CPU
		{6990EA41-3280-49F4-AD19-ACE9CA5C0D48}.Debug|Any CPU.Build.0 = Debug|Any CPU
		{6990EA41-3280-49F4-AD19-ACE9CA5C0D48}.Debug|ARM.ActiveCfg = Debug|Any CPU
		{6990EA41-3280-49F4-AD19-ACE9CA5C0D48}.Debug|ARM.Build.0 = Debug|Any CPU
		{6990EA41-3280-49F4-AD19-ACE9CA5C0D48}.Debug|iPhone.ActiveCfg = Debug|Any CPU
		{6990EA41-3280-49F4-AD19-ACE9CA5C0D48}.Debug|iPhone.Build.0 = Debug|Any CPU
		{6990EA41-3280-49F4-AD19-ACE9CA5C0D48}.Debug|iPhoneSimulator.ActiveCfg = Debug|Any CPU
		{6990EA41-3280-49F4-AD19-ACE9CA5C0D48}.Debug|iPhoneSimulator.Build.0 = Debug|Any CPU
		{6990EA41-3280-49F4-AD19-ACE9CA5C0D48}.Debug|x64.ActiveCfg = Debug|Any CPU
		{6990EA41-3280-49F4-AD19-ACE9CA5C0D48}.Debug|x64.Build.0 = Debug|Any CPU
		{6990EA41-3280-49F4-AD19-ACE9CA5C0D48}.Debug|x86.ActiveCfg = Debug|Any CPU
		{6990EA41-3280-49F4-AD19-ACE9CA5C0D48}.Debug|x86.Build.0 = Debug|Any CPU
		{6990EA41-3280-49F4-AD19-ACE9CA5C0D48}.Release|Any CPU.ActiveCfg = Release|Any CPU
		{6990EA41-3280-49F4-AD19-ACE9CA5C0D48}.Release|Any CPU.Build.0 = Release|Any CPU
		{6990EA41-3280-49F4-AD19-ACE9CA5C0D48}.Release|ARM.ActiveCfg = Release|Any CPU
		{6990EA41-3280-49F4-AD19-ACE9CA5C0D48}.Release|ARM.Build.0 = Release|Any CPU
		{6990EA41-3280-49F4-AD19-ACE9CA5C0D48}.Release|iPhone.ActiveCfg = Release|Any CPU
		{6990EA41-3280-49F4-AD19-ACE9CA5C0D48}.Release|iPhone.Build.0 = Release|Any CPU
		{6990EA41-3280-49F4-AD19-ACE9CA5C0D48}.Release|iPhoneSimulator.ActiveCfg = Release|Any CPU
		{6990EA41-3280-49F4-AD19-ACE9CA5C0D48}.Release|iPhoneSimulator.Build.0 = Release|Any CPU
		{6990EA41-3280-49F4-AD19-ACE9CA5C0D48}.Release|x64.ActiveCfg = Release|Any CPU
		{6990EA41-3280-49F4-AD19-ACE9CA5C0D48}.Release|x64.Build.0 = Release|Any CPU
		{6990EA41-3280-49F4-AD19-ACE9CA5C0D48}.Release|x86.ActiveCfg = Release|Any CPU
		{6990EA41-3280-49F4-AD19-ACE9CA5C0D48}.Release|x86.Build.0 = Release|Any CPU
		{889FC377-265A-405D-BFD2-BEB7DC432755}.Debug|Any CPU.ActiveCfg = Debug|Any CPU
		{889FC377-265A-405D-BFD2-BEB7DC432755}.Debug|Any CPU.Build.0 = Debug|Any CPU
		{889FC377-265A-405D-BFD2-BEB7DC432755}.Debug|ARM.ActiveCfg = Debug|Any CPU
		{889FC377-265A-405D-BFD2-BEB7DC432755}.Debug|ARM.Build.0 = Debug|Any CPU
		{889FC377-265A-405D-BFD2-BEB7DC432755}.Debug|iPhone.ActiveCfg = Debug|Any CPU
		{889FC377-265A-405D-BFD2-BEB7DC432755}.Debug|iPhone.Build.0 = Debug|Any CPU
		{889FC377-265A-405D-BFD2-BEB7DC432755}.Debug|iPhoneSimulator.ActiveCfg = Debug|Any CPU
		{889FC377-265A-405D-BFD2-BEB7DC432755}.Debug|iPhoneSimulator.Build.0 = Debug|Any CPU
		{889FC377-265A-405D-BFD2-BEB7DC432755}.Debug|x64.ActiveCfg = Debug|Any CPU
		{889FC377-265A-405D-BFD2-BEB7DC432755}.Debug|x64.Build.0 = Debug|Any CPU
		{889FC377-265A-405D-BFD2-BEB7DC432755}.Debug|x86.ActiveCfg = Debug|Any CPU
		{889FC377-265A-405D-BFD2-BEB7DC432755}.Debug|x86.Build.0 = Debug|Any CPU
		{889FC377-265A-405D-BFD2-BEB7DC432755}.Release|Any CPU.ActiveCfg = Release|Any CPU
		{889FC377-265A-405D-BFD2-BEB7DC432755}.Release|Any CPU.Build.0 = Release|Any CPU
		{889FC377-265A-405D-BFD2-BEB7DC432755}.Release|ARM.ActiveCfg = Release|Any CPU
		{889FC377-265A-405D-BFD2-BEB7DC432755}.Release|ARM.Build.0 = Release|Any CPU
		{889FC377-265A-405D-BFD2-BEB7DC432755}.Release|iPhone.ActiveCfg = Release|Any CPU
		{889FC377-265A-405D-BFD2-BEB7DC432755}.Release|iPhone.Build.0 = Release|Any CPU
		{889FC377-265A-405D-BFD2-BEB7DC432755}.Release|iPhoneSimulator.ActiveCfg = Release|Any CPU
		{889FC377-265A-405D-BFD2-BEB7DC432755}.Release|iPhoneSimulator.Build.0 = Release|Any CPU
		{889FC377-265A-405D-BFD2-BEB7DC432755}.Release|x64.ActiveCfg = Release|Any CPU
		{889FC377-265A-405D-BFD2-BEB7DC432755}.Release|x64.Build.0 = Release|Any CPU
		{889FC377-265A-405D-BFD2-BEB7DC432755}.Release|x86.ActiveCfg = Release|Any CPU
		{889FC377-265A-405D-BFD2-BEB7DC432755}.Release|x86.Build.0 = Release|Any CPU
		{C2E61D7C-6BCD-4A36-A7BC-3D60D0A83B8C}.Debug|Any CPU.ActiveCfg = Debug|Any CPU
		{C2E61D7C-6BCD-4A36-A7BC-3D60D0A83B8C}.Debug|Any CPU.Build.0 = Debug|Any CPU
		{C2E61D7C-6BCD-4A36-A7BC-3D60D0A83B8C}.Debug|ARM.ActiveCfg = Debug|Any CPU
		{C2E61D7C-6BCD-4A36-A7BC-3D60D0A83B8C}.Debug|ARM.Build.0 = Debug|Any CPU
		{C2E61D7C-6BCD-4A36-A7BC-3D60D0A83B8C}.Debug|iPhone.ActiveCfg = Debug|Any CPU
		{C2E61D7C-6BCD-4A36-A7BC-3D60D0A83B8C}.Debug|iPhone.Build.0 = Debug|Any CPU
		{C2E61D7C-6BCD-4A36-A7BC-3D60D0A83B8C}.Debug|iPhoneSimulator.ActiveCfg = Debug|Any CPU
		{C2E61D7C-6BCD-4A36-A7BC-3D60D0A83B8C}.Debug|iPhoneSimulator.Build.0 = Debug|Any CPU
		{C2E61D7C-6BCD-4A36-A7BC-3D60D0A83B8C}.Debug|x64.ActiveCfg = Debug|Any CPU
		{C2E61D7C-6BCD-4A36-A7BC-3D60D0A83B8C}.Debug|x64.Build.0 = Debug|Any CPU
		{C2E61D7C-6BCD-4A36-A7BC-3D60D0A83B8C}.Debug|x86.ActiveCfg = Debug|Any CPU
		{C2E61D7C-6BCD-4A36-A7BC-3D60D0A83B8C}.Debug|x86.Build.0 = Debug|Any CPU
		{C2E61D7C-6BCD-4A36-A7BC-3D60D0A83B8C}.Release|Any CPU.ActiveCfg = Release|Any CPU
		{C2E61D7C-6BCD-4A36-A7BC-3D60D0A83B8C}.Release|Any CPU.Build.0 = Release|Any CPU
		{C2E61D7C-6BCD-4A36-A7BC-3D60D0A83B8C}.Release|ARM.ActiveCfg = Release|Any CPU
		{C2E61D7C-6BCD-4A36-A7BC-3D60D0A83B8C}.Release|ARM.Build.0 = Release|Any CPU
		{C2E61D7C-6BCD-4A36-A7BC-3D60D0A83B8C}.Release|iPhone.ActiveCfg = Release|Any CPU
		{C2E61D7C-6BCD-4A36-A7BC-3D60D0A83B8C}.Release|iPhone.Build.0 = Release|Any CPU
		{C2E61D7C-6BCD-4A36-A7BC-3D60D0A83B8C}.Release|iPhoneSimulator.ActiveCfg = Release|Any CPU
		{C2E61D7C-6BCD-4A36-A7BC-3D60D0A83B8C}.Release|iPhoneSimulator.Build.0 = Release|Any CPU
		{C2E61D7C-6BCD-4A36-A7BC-3D60D0A83B8C}.Release|x64.ActiveCfg = Release|Any CPU
		{C2E61D7C-6BCD-4A36-A7BC-3D60D0A83B8C}.Release|x64.Build.0 = Release|Any CPU
		{C2E61D7C-6BCD-4A36-A7BC-3D60D0A83B8C}.Release|x86.ActiveCfg = Release|Any CPU
		{C2E61D7C-6BCD-4A36-A7BC-3D60D0A83B8C}.Release|x86.Build.0 = Release|Any CPU
		{82ABDB02-58A1-416F-B3F1-07D65EF52FBB}.Debug|Any CPU.ActiveCfg = Debug|Any CPU
		{82ABDB02-58A1-416F-B3F1-07D65EF52FBB}.Debug|Any CPU.Build.0 = Debug|Any CPU
		{82ABDB02-58A1-416F-B3F1-07D65EF52FBB}.Debug|ARM.ActiveCfg = Debug|Any CPU
		{82ABDB02-58A1-416F-B3F1-07D65EF52FBB}.Debug|ARM.Build.0 = Debug|Any CPU
		{82ABDB02-58A1-416F-B3F1-07D65EF52FBB}.Debug|iPhone.ActiveCfg = Debug|Any CPU
		{82ABDB02-58A1-416F-B3F1-07D65EF52FBB}.Debug|iPhone.Build.0 = Debug|Any CPU
		{82ABDB02-58A1-416F-B3F1-07D65EF52FBB}.Debug|iPhoneSimulator.ActiveCfg = Debug|Any CPU
		{82ABDB02-58A1-416F-B3F1-07D65EF52FBB}.Debug|iPhoneSimulator.Build.0 = Debug|Any CPU
		{82ABDB02-58A1-416F-B3F1-07D65EF52FBB}.Debug|x64.ActiveCfg = Debug|Any CPU
		{82ABDB02-58A1-416F-B3F1-07D65EF52FBB}.Debug|x64.Build.0 = Debug|Any CPU
		{82ABDB02-58A1-416F-B3F1-07D65EF52FBB}.Debug|x86.ActiveCfg = Debug|Any CPU
		{82ABDB02-58A1-416F-B3F1-07D65EF52FBB}.Debug|x86.Build.0 = Debug|Any CPU
		{82ABDB02-58A1-416F-B3F1-07D65EF52FBB}.Release|Any CPU.ActiveCfg = Release|Any CPU
		{82ABDB02-58A1-416F-B3F1-07D65EF52FBB}.Release|Any CPU.Build.0 = Release|Any CPU
		{82ABDB02-58A1-416F-B3F1-07D65EF52FBB}.Release|ARM.ActiveCfg = Release|Any CPU
		{82ABDB02-58A1-416F-B3F1-07D65EF52FBB}.Release|ARM.Build.0 = Release|Any CPU
		{82ABDB02-58A1-416F-B3F1-07D65EF52FBB}.Release|iPhone.ActiveCfg = Release|Any CPU
		{82ABDB02-58A1-416F-B3F1-07D65EF52FBB}.Release|iPhone.Build.0 = Release|Any CPU
		{82ABDB02-58A1-416F-B3F1-07D65EF52FBB}.Release|iPhoneSimulator.ActiveCfg = Release|Any CPU
		{82ABDB02-58A1-416F-B3F1-07D65EF52FBB}.Release|iPhoneSimulator.Build.0 = Release|Any CPU
		{82ABDB02-58A1-416F-B3F1-07D65EF52FBB}.Release|x64.ActiveCfg = Release|Any CPU
		{82ABDB02-58A1-416F-B3F1-07D65EF52FBB}.Release|x64.Build.0 = Release|Any CPU
		{82ABDB02-58A1-416F-B3F1-07D65EF52FBB}.Release|x86.ActiveCfg = Release|Any CPU
		{82ABDB02-58A1-416F-B3F1-07D65EF52FBB}.Release|x86.Build.0 = Release|Any CPU
		{65D8CFA0-AECE-417C-86AB-784D9B2DDD16}.Debug|Any CPU.ActiveCfg = Debug|Any CPU
		{65D8CFA0-AECE-417C-86AB-784D9B2DDD16}.Debug|Any CPU.Build.0 = Debug|Any CPU
		{65D8CFA0-AECE-417C-86AB-784D9B2DDD16}.Debug|ARM.ActiveCfg = Debug|Any CPU
		{65D8CFA0-AECE-417C-86AB-784D9B2DDD16}.Debug|ARM.Build.0 = Debug|Any CPU
		{65D8CFA0-AECE-417C-86AB-784D9B2DDD16}.Debug|iPhone.ActiveCfg = Debug|Any CPU
		{65D8CFA0-AECE-417C-86AB-784D9B2DDD16}.Debug|iPhone.Build.0 = Debug|Any CPU
		{65D8CFA0-AECE-417C-86AB-784D9B2DDD16}.Debug|iPhoneSimulator.ActiveCfg = Debug|Any CPU
		{65D8CFA0-AECE-417C-86AB-784D9B2DDD16}.Debug|iPhoneSimulator.Build.0 = Debug|Any CPU
		{65D8CFA0-AECE-417C-86AB-784D9B2DDD16}.Debug|x64.ActiveCfg = Debug|Any CPU
		{65D8CFA0-AECE-417C-86AB-784D9B2DDD16}.Debug|x64.Build.0 = Debug|Any CPU
		{65D8CFA0-AECE-417C-86AB-784D9B2DDD16}.Debug|x86.ActiveCfg = Debug|Any CPU
		{65D8CFA0-AECE-417C-86AB-784D9B2DDD16}.Debug|x86.Build.0 = Debug|Any CPU
		{65D8CFA0-AECE-417C-86AB-784D9B2DDD16}.Release|Any CPU.ActiveCfg = Release|Any CPU
		{65D8CFA0-AECE-417C-86AB-784D9B2DDD16}.Release|Any CPU.Build.0 = Release|Any CPU
		{65D8CFA0-AECE-417C-86AB-784D9B2DDD16}.Release|ARM.ActiveCfg = Release|Any CPU
		{65D8CFA0-AECE-417C-86AB-784D9B2DDD16}.Release|ARM.Build.0 = Release|Any CPU
		{65D8CFA0-AECE-417C-86AB-784D9B2DDD16}.Release|iPhone.ActiveCfg = Release|Any CPU
		{65D8CFA0-AECE-417C-86AB-784D9B2DDD16}.Release|iPhone.Build.0 = Release|Any CPU
		{65D8CFA0-AECE-417C-86AB-784D9B2DDD16}.Release|iPhoneSimulator.ActiveCfg = Release|Any CPU
		{65D8CFA0-AECE-417C-86AB-784D9B2DDD16}.Release|iPhoneSimulator.Build.0 = Release|Any CPU
		{65D8CFA0-AECE-417C-86AB-784D9B2DDD16}.Release|x64.ActiveCfg = Release|Any CPU
		{65D8CFA0-AECE-417C-86AB-784D9B2DDD16}.Release|x64.Build.0 = Release|Any CPU
		{65D8CFA0-AECE-417C-86AB-784D9B2DDD16}.Release|x86.ActiveCfg = Release|Any CPU
		{65D8CFA0-AECE-417C-86AB-784D9B2DDD16}.Release|x86.Build.0 = Release|Any CPU
		{45AD5870-5DA0-4192-9F49-83D59C6503A2}.Debug|Any CPU.ActiveCfg = Debug|x86
		{45AD5870-5DA0-4192-9F49-83D59C6503A2}.Debug|ARM.ActiveCfg = Debug|ARM
		{45AD5870-5DA0-4192-9F49-83D59C6503A2}.Debug|ARM.Build.0 = Debug|ARM
		{45AD5870-5DA0-4192-9F49-83D59C6503A2}.Debug|ARM.Deploy.0 = Debug|ARM
		{45AD5870-5DA0-4192-9F49-83D59C6503A2}.Debug|iPhone.ActiveCfg = Debug|x86
		{45AD5870-5DA0-4192-9F49-83D59C6503A2}.Debug|iPhoneSimulator.ActiveCfg = Debug|x86
		{45AD5870-5DA0-4192-9F49-83D59C6503A2}.Debug|x64.ActiveCfg = Debug|x64
		{45AD5870-5DA0-4192-9F49-83D59C6503A2}.Debug|x64.Build.0 = Debug|x64
		{45AD5870-5DA0-4192-9F49-83D59C6503A2}.Debug|x64.Deploy.0 = Debug|x64
		{45AD5870-5DA0-4192-9F49-83D59C6503A2}.Debug|x86.ActiveCfg = Debug|x86
		{45AD5870-5DA0-4192-9F49-83D59C6503A2}.Debug|x86.Build.0 = Debug|x86
		{45AD5870-5DA0-4192-9F49-83D59C6503A2}.Debug|x86.Deploy.0 = Debug|x86
		{45AD5870-5DA0-4192-9F49-83D59C6503A2}.Release|Any CPU.ActiveCfg = Release|x86
		{45AD5870-5DA0-4192-9F49-83D59C6503A2}.Release|ARM.ActiveCfg = Release|ARM
		{45AD5870-5DA0-4192-9F49-83D59C6503A2}.Release|ARM.Build.0 = Release|ARM
		{45AD5870-5DA0-4192-9F49-83D59C6503A2}.Release|ARM.Deploy.0 = Release|ARM
		{45AD5870-5DA0-4192-9F49-83D59C6503A2}.Release|iPhone.ActiveCfg = Release|x86
		{45AD5870-5DA0-4192-9F49-83D59C6503A2}.Release|iPhoneSimulator.ActiveCfg = Release|x86
		{45AD5870-5DA0-4192-9F49-83D59C6503A2}.Release|x64.ActiveCfg = Release|x64
		{45AD5870-5DA0-4192-9F49-83D59C6503A2}.Release|x64.Build.0 = Release|x64
		{45AD5870-5DA0-4192-9F49-83D59C6503A2}.Release|x64.Deploy.0 = Release|x64
		{45AD5870-5DA0-4192-9F49-83D59C6503A2}.Release|x86.ActiveCfg = Release|x86
		{45AD5870-5DA0-4192-9F49-83D59C6503A2}.Release|x86.Build.0 = Release|x86
		{45AD5870-5DA0-4192-9F49-83D59C6503A2}.Release|x86.Deploy.0 = Release|x86
		{0F5A786C-BDEA-4513-9ABF-7AAF7FECD3BD}.Debug|Any CPU.ActiveCfg = Debug|Any CPU
		{0F5A786C-BDEA-4513-9ABF-7AAF7FECD3BD}.Debug|Any CPU.Build.0 = Debug|Any CPU
		{0F5A786C-BDEA-4513-9ABF-7AAF7FECD3BD}.Debug|Any CPU.Deploy.0 = Debug|Any CPU
		{0F5A786C-BDEA-4513-9ABF-7AAF7FECD3BD}.Debug|ARM.ActiveCfg = Debug|Any CPU
		{0F5A786C-BDEA-4513-9ABF-7AAF7FECD3BD}.Debug|ARM.Build.0 = Debug|Any CPU
		{0F5A786C-BDEA-4513-9ABF-7AAF7FECD3BD}.Debug|ARM.Deploy.0 = Debug|Any CPU
		{0F5A786C-BDEA-4513-9ABF-7AAF7FECD3BD}.Debug|iPhone.ActiveCfg = Debug|Any CPU
		{0F5A786C-BDEA-4513-9ABF-7AAF7FECD3BD}.Debug|iPhone.Build.0 = Debug|Any CPU
		{0F5A786C-BDEA-4513-9ABF-7AAF7FECD3BD}.Debug|iPhone.Deploy.0 = Debug|Any CPU
		{0F5A786C-BDEA-4513-9ABF-7AAF7FECD3BD}.Debug|iPhoneSimulator.ActiveCfg = Debug|Any CPU
		{0F5A786C-BDEA-4513-9ABF-7AAF7FECD3BD}.Debug|iPhoneSimulator.Build.0 = Debug|Any CPU
		{0F5A786C-BDEA-4513-9ABF-7AAF7FECD3BD}.Debug|iPhoneSimulator.Deploy.0 = Debug|Any CPU
		{0F5A786C-BDEA-4513-9ABF-7AAF7FECD3BD}.Debug|x64.ActiveCfg = Debug|Any CPU
		{0F5A786C-BDEA-4513-9ABF-7AAF7FECD3BD}.Debug|x64.Build.0 = Debug|Any CPU
		{0F5A786C-BDEA-4513-9ABF-7AAF7FECD3BD}.Debug|x64.Deploy.0 = Debug|Any CPU
		{0F5A786C-BDEA-4513-9ABF-7AAF7FECD3BD}.Debug|x86.ActiveCfg = Debug|Any CPU
		{0F5A786C-BDEA-4513-9ABF-7AAF7FECD3BD}.Debug|x86.Build.0 = Debug|Any CPU
		{0F5A786C-BDEA-4513-9ABF-7AAF7FECD3BD}.Debug|x86.Deploy.0 = Debug|Any CPU
		{0F5A786C-BDEA-4513-9ABF-7AAF7FECD3BD}.Release|Any CPU.ActiveCfg = Release|Any CPU
		{0F5A786C-BDEA-4513-9ABF-7AAF7FECD3BD}.Release|Any CPU.Build.0 = Release|Any CPU
		{0F5A786C-BDEA-4513-9ABF-7AAF7FECD3BD}.Release|Any CPU.Deploy.0 = Release|Any CPU
		{0F5A786C-BDEA-4513-9ABF-7AAF7FECD3BD}.Release|ARM.ActiveCfg = Release|Any CPU
		{0F5A786C-BDEA-4513-9ABF-7AAF7FECD3BD}.Release|ARM.Build.0 = Release|Any CPU
		{0F5A786C-BDEA-4513-9ABF-7AAF7FECD3BD}.Release|ARM.Deploy.0 = Release|Any CPU
		{0F5A786C-BDEA-4513-9ABF-7AAF7FECD3BD}.Release|iPhone.ActiveCfg = Release|Any CPU
		{0F5A786C-BDEA-4513-9ABF-7AAF7FECD3BD}.Release|iPhone.Build.0 = Release|Any CPU
		{0F5A786C-BDEA-4513-9ABF-7AAF7FECD3BD}.Release|iPhone.Deploy.0 = Release|Any CPU
		{0F5A786C-BDEA-4513-9ABF-7AAF7FECD3BD}.Release|iPhoneSimulator.ActiveCfg = Release|Any CPU
		{0F5A786C-BDEA-4513-9ABF-7AAF7FECD3BD}.Release|iPhoneSimulator.Build.0 = Release|Any CPU
		{0F5A786C-BDEA-4513-9ABF-7AAF7FECD3BD}.Release|iPhoneSimulator.Deploy.0 = Release|Any CPU
		{0F5A786C-BDEA-4513-9ABF-7AAF7FECD3BD}.Release|x64.ActiveCfg = Release|Any CPU
		{0F5A786C-BDEA-4513-9ABF-7AAF7FECD3BD}.Release|x64.Build.0 = Release|Any CPU
		{0F5A786C-BDEA-4513-9ABF-7AAF7FECD3BD}.Release|x64.Deploy.0 = Release|Any CPU
		{0F5A786C-BDEA-4513-9ABF-7AAF7FECD3BD}.Release|x86.ActiveCfg = Release|Any CPU
		{0F5A786C-BDEA-4513-9ABF-7AAF7FECD3BD}.Release|x86.Build.0 = Release|Any CPU
		{0F5A786C-BDEA-4513-9ABF-7AAF7FECD3BD}.Release|x86.Deploy.0 = Release|Any CPU
		{1923336D-091A-46B2-9613-338DF574EBDA}.Debug|Any CPU.ActiveCfg = Debug|iPhone
		{1923336D-091A-46B2-9613-338DF574EBDA}.Debug|ARM.ActiveCfg = Debug|iPhone
		{1923336D-091A-46B2-9613-338DF574EBDA}.Debug|iPhone.ActiveCfg = Debug|iPhone
		{1923336D-091A-46B2-9613-338DF574EBDA}.Debug|iPhone.Build.0 = Debug|iPhone
		{1923336D-091A-46B2-9613-338DF574EBDA}.Debug|iPhoneSimulator.ActiveCfg = Debug|iPhoneSimulator
		{1923336D-091A-46B2-9613-338DF574EBDA}.Debug|iPhoneSimulator.Build.0 = Debug|iPhoneSimulator
		{1923336D-091A-46B2-9613-338DF574EBDA}.Debug|x64.ActiveCfg = Debug|iPhone
		{1923336D-091A-46B2-9613-338DF574EBDA}.Debug|x86.ActiveCfg = Debug|iPhone
		{1923336D-091A-46B2-9613-338DF574EBDA}.Release|Any CPU.ActiveCfg = Release|iPhone
		{1923336D-091A-46B2-9613-338DF574EBDA}.Release|ARM.ActiveCfg = Release|iPhone
		{1923336D-091A-46B2-9613-338DF574EBDA}.Release|iPhone.ActiveCfg = Release|iPhone
		{1923336D-091A-46B2-9613-338DF574EBDA}.Release|iPhone.Build.0 = Release|iPhone
		{1923336D-091A-46B2-9613-338DF574EBDA}.Release|iPhoneSimulator.ActiveCfg = Release|iPhoneSimulator
		{1923336D-091A-46B2-9613-338DF574EBDA}.Release|iPhoneSimulator.Build.0 = Release|iPhoneSimulator
		{1923336D-091A-46B2-9613-338DF574EBDA}.Release|x64.ActiveCfg = Release|iPhone
		{1923336D-091A-46B2-9613-338DF574EBDA}.Release|x86.ActiveCfg = Release|iPhone
		{78E15D93-3D72-4F47-B896-267D3A00B4AB}.Debug|Any CPU.ActiveCfg = Debug|Any CPU
		{78E15D93-3D72-4F47-B896-267D3A00B4AB}.Debug|Any CPU.Build.0 = Debug|Any CPU
		{78E15D93-3D72-4F47-B896-267D3A00B4AB}.Debug|ARM.ActiveCfg = Debug|Any CPU
		{78E15D93-3D72-4F47-B896-267D3A00B4AB}.Debug|ARM.Build.0 = Debug|Any CPU
		{78E15D93-3D72-4F47-B896-267D3A00B4AB}.Debug|iPhone.ActiveCfg = Debug|Any CPU
		{78E15D93-3D72-4F47-B896-267D3A00B4AB}.Debug|iPhone.Build.0 = Debug|Any CPU
		{78E15D93-3D72-4F47-B896-267D3A00B4AB}.Debug|iPhoneSimulator.ActiveCfg = Debug|Any CPU
		{78E15D93-3D72-4F47-B896-267D3A00B4AB}.Debug|iPhoneSimulator.Build.0 = Debug|Any CPU
		{78E15D93-3D72-4F47-B896-267D3A00B4AB}.Debug|x64.ActiveCfg = Debug|Any CPU
		{78E15D93-3D72-4F47-B896-267D3A00B4AB}.Debug|x64.Build.0 = Debug|Any CPU
		{78E15D93-3D72-4F47-B896-267D3A00B4AB}.Debug|x86.ActiveCfg = Debug|Any CPU
		{78E15D93-3D72-4F47-B896-267D3A00B4AB}.Debug|x86.Build.0 = Debug|Any CPU
		{78E15D93-3D72-4F47-B896-267D3A00B4AB}.Release|Any CPU.ActiveCfg = Release|Any CPU
		{78E15D93-3D72-4F47-B896-267D3A00B4AB}.Release|Any CPU.Build.0 = Release|Any CPU
		{78E15D93-3D72-4F47-B896-267D3A00B4AB}.Release|ARM.ActiveCfg = Release|Any CPU
		{78E15D93-3D72-4F47-B896-267D3A00B4AB}.Release|ARM.Build.0 = Release|Any CPU
		{78E15D93-3D72-4F47-B896-267D3A00B4AB}.Release|iPhone.ActiveCfg = Release|Any CPU
		{78E15D93-3D72-4F47-B896-267D3A00B4AB}.Release|iPhone.Build.0 = Release|Any CPU
		{78E15D93-3D72-4F47-B896-267D3A00B4AB}.Release|iPhoneSimulator.ActiveCfg = Release|Any CPU
		{78E15D93-3D72-4F47-B896-267D3A00B4AB}.Release|iPhoneSimulator.Build.0 = Release|Any CPU
		{78E15D93-3D72-4F47-B896-267D3A00B4AB}.Release|x64.ActiveCfg = Release|Any CPU
		{78E15D93-3D72-4F47-B896-267D3A00B4AB}.Release|x64.Build.0 = Release|Any CPU
		{78E15D93-3D72-4F47-B896-267D3A00B4AB}.Release|x86.ActiveCfg = Release|Any CPU
		{78E15D93-3D72-4F47-B896-267D3A00B4AB}.Release|x86.Build.0 = Release|Any CPU
	EndGlobalSection
	GlobalSection(SolutionProperties) = preSolution
		HideSolutionNode = FALSE
	EndGlobalSection
	GlobalSection(NestedProjects) = preSolution
		{889FC377-265A-405D-BFD2-BEB7DC432755} = {CFE9BDF8-6CAA-4EAA-B068-E8973C53DEC4}
		{82ABDB02-58A1-416F-B3F1-07D65EF52FBB} = {CFE9BDF8-6CAA-4EAA-B068-E8973C53DEC4}
	EndGlobalSection
	GlobalSection(ExtensibilityGlobals) = postSolution
		SolutionGuid = {C2C2B8CE-648B-419C-9442-07E4F51C37E8}
	EndGlobalSection
EndGlobal
