
Microsoft Visual Studio Solution File, Format Version 12.00
# Visual Studio 15
VisualStudioVersion = 15.0.28307.572
MinimumVisualStudioVersion = 10.0.40219.1
Project("{FAE04EC0-301F-11D3-BF4B-00C04F79EFBC}") = "AlphaCabulary.Android", "AlphaCabulary\AlphaCabulary.Android\AlphaCabulary.Android.csproj", "{24CE3C36-16B9-426D-AA0C-5961ECF8D88C}"
EndProject
Project("{FAE04EC0-301F-11D3-BF4B-00C04F79EFBC}") = "AlphaCabulary.iOS", "AlphaCabulary\AlphaCabulary.iOS\AlphaCabulary.iOS.csproj", "{EE9BDD25-F91B-4060-8BBE-A68E17CDF617}"
EndProject
Project("{FAE04EC0-301F-11D3-BF4B-00C04F79EFBC}") = "AlphaCabulary.UWP", "AlphaCabulary\AlphaCabulary.UWP\AlphaCabulary.UWP.csproj", "{49CD2B88-3CE9-435B-9331-5A2C7363F376}"
EndProject
Project("{9A19103F-16F7-4668-BE54-9A1E7A4F7556}") = "AlphaCabulary.MobileAppService", "AlphaCabulary\AlphaCabulary.MobileAppService\AlphaCabulary.MobileAppService.csproj", "{960F91D0-0D75-415B-97F0-517ABB1AD95A}"
EndProject
Project("{9A19103F-16F7-4668-BE54-9A1E7A4F7556}") = "AlphaCabulary", "AlphaCabulary\AlphaCabulary\AlphaCabulary.csproj", "{1307CAD8-AB2A-486F-95E3-DF6026553B0A}"
EndProject
Project("{FAE04EC0-301F-11D3-BF4B-00C04F79EFBC}") = "AlphaCabulary.Business", "AlphaCabulary.Business\AlphaCabulary.Business.csproj", "{7FDD835D-D3FD-4728-A6F1-1AF73F44828E}"
EndProject
Project("{FAE04EC0-301F-11D3-BF4B-00C04F79EFBC}") = "AlphaCabulary.ApplicationCore", "AlphaCabulary.ApplicationCore\AlphaCabulary.ApplicationCore.csproj", "{6990EA41-3280-49F4-AD19-ACE9CA5C0D48}"
EndProject
Project("{2150E333-8FDC-42A3-9474-1A3956D46DE8}") = "Test", "Test", "{CFE9BDF8-6CAA-4EAA-B068-E8973C53DEC4}"
EndProject
Project("{FAE04EC0-301F-11D3-BF4B-00C04F79EFBC}") = "AlphaCabulary.Business.Test", "AlphaCabulary.Business.Test\AlphaCabulary.Business.Test.csproj", "{0B0B34DA-ED40-4759-8106-874FD03F0CCA}"
EndProject
Global
	GlobalSection(SolutionConfigurationPlatforms) = preSolution
		Debug|Any CPU = Debug|Any CPU
		Debug|ARM = Debug|ARM
		Debug|iPhone = Debug|iPhone
		Debug|iPhoneSimulator = Debug|iPhoneSimulator
		Debug|x64 = Debug|x64
		Debug|x86 = Debug|x86
		Release|Any CPU = Release|Any CPU
		Release|ARM = Release|ARM
		Release|iPhone = Release|iPhone
		Release|iPhoneSimulator = Release|iPhoneSimulator
		Release|x64 = Release|x64
		Release|x86 = Release|x86
	EndGlobalSection
	GlobalSection(ProjectConfigurationPlatforms) = postSolution
		{24CE3C36-16B9-426D-AA0C-5961ECF8D88C}.Debug|Any CPU.ActiveCfg = Debug|Any CPU
		{24CE3C36-16B9-426D-AA0C-5961ECF8D88C}.Debug|Any CPU.Build.0 = Debug|Any CPU
		{24CE3C36-16B9-426D-AA0C-5961ECF8D88C}.Debug|Any CPU.Deploy.0 = Debug|Any CPU
		{24CE3C36-16B9-426D-AA0C-5961ECF8D88C}.Debug|ARM.ActiveCfg = Debug|Any CPU
		{24CE3C36-16B9-426D-AA0C-5961ECF8D88C}.Debug|ARM.Build.0 = Debug|Any CPU
		{24CE3C36-16B9-426D-AA0C-5961ECF8D88C}.Debug|ARM.Deploy.0 = Debug|Any CPU
		{24CE3C36-16B9-426D-AA0C-5961ECF8D88C}.Debug|iPhone.ActiveCfg = Debug|Any CPU
		{24CE3C36-16B9-426D-AA0C-5961ECF8D88C}.Debug|iPhone.Build.0 = Debug|Any CPU
		{24CE3C36-16B9-426D-AA0C-5961ECF8D88C}.Debug|iPhone.Deploy.0 = Debug|Any CPU
		{24CE3C36-16B9-426D-AA0C-5961ECF8D88C}.Debug|iPhoneSimulator.ActiveCfg = Debug|Any CPU
		{24CE3C36-16B9-426D-AA0C-5961ECF8D88C}.Debug|iPhoneSimulator.Build.0 = Debug|Any CPU
		{24CE3C36-16B9-426D-AA0C-5961ECF8D88C}.Debug|iPhoneSimulator.Deploy.0 = Debug|Any CPU
		{24CE3C36-16B9-426D-AA0C-5961ECF8D88C}.Debug|x64.ActiveCfg = Debug|Any CPU
		{24CE3C36-16B9-426D-AA0C-5961ECF8D88C}.Debug|x64.Build.0 = Debug|Any CPU
		{24CE3C36-16B9-426D-AA0C-5961ECF8D88C}.Debug|x64.Deploy.0 = Debug|Any CPU
		{24CE3C36-16B9-426D-AA0C-5961ECF8D88C}.Debug|x86.ActiveCfg = Debug|Any CPU
		{24CE3C36-16B9-426D-AA0C-5961ECF8D88C}.Debug|x86.Build.0 = Debug|Any CPU
		{24CE3C36-16B9-426D-AA0C-5961ECF8D88C}.Debug|x86.Deploy.0 = Debug|Any CPU
		{24CE3C36-16B9-426D-AA0C-5961ECF8D88C}.Release|Any CPU.ActiveCfg = Release|Any CPU
		{24CE3C36-16B9-426D-AA0C-5961ECF8D88C}.Release|Any CPU.Build.0 = Release|Any CPU
		{24CE3C36-16B9-426D-AA0C-5961ECF8D88C}.Release|Any CPU.Deploy.0 = Release|Any CPU
		{24CE3C36-16B9-426D-AA0C-5961ECF8D88C}.Release|ARM.ActiveCfg = Release|Any CPU
		{24CE3C36-16B9-426D-AA0C-5961ECF8D88C}.Release|ARM.Build.0 = Release|Any CPU
		{24CE3C36-16B9-426D-AA0C-5961ECF8D88C}.Release|ARM.Deploy.0 = Release|Any CPU
		{24CE3C36-16B9-426D-AA0C-5961ECF8D88C}.Release|iPhone.ActiveCfg = Release|Any CPU
		{24CE3C36-16B9-426D-AA0C-5961ECF8D88C}.Release|iPhone.Build.0 = Release|Any CPU
		{24CE3C36-16B9-426D-AA0C-5961ECF8D88C}.Release|iPhone.Deploy.0 = Release|Any CPU
		{24CE3C36-16B9-426D-AA0C-5961ECF8D88C}.Release|iPhoneSimulator.ActiveCfg = Release|Any CPU
		{24CE3C36-16B9-426D-AA0C-5961ECF8D88C}.Release|iPhoneSimulator.Build.0 = Release|Any CPU
		{24CE3C36-16B9-426D-AA0C-5961ECF8D88C}.Release|iPhoneSimulator.Deploy.0 = Release|Any CPU
		{24CE3C36-16B9-426D-AA0C-5961ECF8D88C}.Release|x64.ActiveCfg = Release|Any CPU
		{24CE3C36-16B9-426D-AA0C-5961ECF8D88C}.Release|x64.Build.0 = Release|Any CPU
		{24CE3C36-16B9-426D-AA0C-5961ECF8D88C}.Release|x64.Deploy.0 = Release|Any CPU
		{24CE3C36-16B9-426D-AA0C-5961ECF8D88C}.Release|x86.ActiveCfg = Release|Any CPU
		{24CE3C36-16B9-426D-AA0C-5961ECF8D88C}.Release|x86.Build.0 = Release|Any CPU
		{24CE3C36-16B9-426D-AA0C-5961ECF8D88C}.Release|x86.Deploy.0 = Release|Any CPU
		{EE9BDD25-F91B-4060-8BBE-A68E17CDF617}.Debug|Any CPU.ActiveCfg = Debug|iPhoneSimulator
		{EE9BDD25-F91B-4060-8BBE-A68E17CDF617}.Debug|Any CPU.Build.0 = Debug|iPhoneSimulator
		{EE9BDD25-F91B-4060-8BBE-A68E17CDF617}.Debug|Any CPU.Deploy.0 = Debug|iPhoneSimulator
		{EE9BDD25-F91B-4060-8BBE-A68E17CDF617}.Debug|ARM.ActiveCfg = Debug|iPhone
		{EE9BDD25-F91B-4060-8BBE-A68E17CDF617}.Debug|ARM.Build.0 = Debug|iPhone
		{EE9BDD25-F91B-4060-8BBE-A68E17CDF617}.Debug|ARM.Deploy.0 = Debug|iPhone
		{EE9BDD25-F91B-4060-8BBE-A68E17CDF617}.Debug|iPhone.ActiveCfg = Debug|iPhone
		{EE9BDD25-F91B-4060-8BBE-A68E17CDF617}.Debug|iPhone.Build.0 = Debug|iPhone
		{EE9BDD25-F91B-4060-8BBE-A68E17CDF617}.Debug|iPhone.Deploy.0 = Debug|iPhone
		{EE9BDD25-F91B-4060-8BBE-A68E17CDF617}.Debug|iPhoneSimulator.ActiveCfg = Debug|iPhoneSimulator
		{EE9BDD25-F91B-4060-8BBE-A68E17CDF617}.Debug|iPhoneSimulator.Build.0 = Debug|iPhoneSimulator
		{EE9BDD25-F91B-4060-8BBE-A68E17CDF617}.Debug|iPhoneSimulator.Deploy.0 = Debug|iPhoneSimulator
		{EE9BDD25-F91B-4060-8BBE-A68E17CDF617}.Debug|x64.ActiveCfg = Debug|iPhone
		{EE9BDD25-F91B-4060-8BBE-A68E17CDF617}.Debug|x64.Build.0 = Debug|iPhone
		{EE9BDD25-F91B-4060-8BBE-A68E17CDF617}.Debug|x64.Deploy.0 = Debug|iPhone
		{EE9BDD25-F91B-4060-8BBE-A68E17CDF617}.Debug|x86.ActiveCfg = Debug|iPhone
		{EE9BDD25-F91B-4060-8BBE-A68E17CDF617}.Debug|x86.Deploy.0 = Debug|iPhone
		{EE9BDD25-F91B-4060-8BBE-A68E17CDF617}.Release|Any CPU.ActiveCfg = Release|iPhone
		{EE9BDD25-F91B-4060-8BBE-A68E17CDF617}.Release|Any CPU.Build.0 = Release|iPhone
		{EE9BDD25-F91B-4060-8BBE-A68E17CDF617}.Release|Any CPU.Deploy.0 = Release|iPhone
		{EE9BDD25-F91B-4060-8BBE-A68E17CDF617}.Release|ARM.ActiveCfg = Release|iPhone
		{EE9BDD25-F91B-4060-8BBE-A68E17CDF617}.Release|ARM.Build.0 = Release|iPhone
		{EE9BDD25-F91B-4060-8BBE-A68E17CDF617}.Release|ARM.Deploy.0 = Release|iPhone
		{EE9BDD25-F91B-4060-8BBE-A68E17CDF617}.Release|iPhone.ActiveCfg = Release|iPhone
		{EE9BDD25-F91B-4060-8BBE-A68E17CDF617}.Release|iPhone.Build.0 = Release|iPhone
		{EE9BDD25-F91B-4060-8BBE-A68E17CDF617}.Release|iPhone.Deploy.0 = Release|iPhone
		{EE9BDD25-F91B-4060-8BBE-A68E17CDF617}.Release|iPhoneSimulator.ActiveCfg = Release|iPhoneSimulator
		{EE9BDD25-F91B-4060-8BBE-A68E17CDF617}.Release|iPhoneSimulator.Build.0 = Release|iPhoneSimulator
		{EE9BDD25-F91B-4060-8BBE-A68E17CDF617}.Release|iPhoneSimulator.Deploy.0 = Release|iPhoneSimulator
		{EE9BDD25-F91B-4060-8BBE-A68E17CDF617}.Release|x64.ActiveCfg = Release|iPhone
		{EE9BDD25-F91B-4060-8BBE-A68E17CDF617}.Release|x64.Build.0 = Release|iPhone
		{EE9BDD25-F91B-4060-8BBE-A68E17CDF617}.Release|x64.Deploy.0 = Release|iPhone
		{EE9BDD25-F91B-4060-8BBE-A68E17CDF617}.Release|x86.ActiveCfg = Release|iPhone
		{EE9BDD25-F91B-4060-8BBE-A68E17CDF617}.Release|x86.Build.0 = Release|iPhone
		{EE9BDD25-F91B-4060-8BBE-A68E17CDF617}.Release|x86.Deploy.0 = Release|iPhone
		{49CD2B88-3CE9-435B-9331-5A2C7363F376}.Debug|Any CPU.ActiveCfg = Debug|x86
		{49CD2B88-3CE9-435B-9331-5A2C7363F376}.Debug|Any CPU.Build.0 = Debug|x86
		{49CD2B88-3CE9-435B-9331-5A2C7363F376}.Debug|Any CPU.Deploy.0 = Debug|x86
		{49CD2B88-3CE9-435B-9331-5A2C7363F376}.Debug|ARM.ActiveCfg = Debug|ARM
		{49CD2B88-3CE9-435B-9331-5A2C7363F376}.Debug|ARM.Build.0 = Debug|ARM
		{49CD2B88-3CE9-435B-9331-5A2C7363F376}.Debug|ARM.Deploy.0 = Debug|ARM
		{49CD2B88-3CE9-435B-9331-5A2C7363F376}.Debug|iPhone.ActiveCfg = Debug|x86
		{49CD2B88-3CE9-435B-9331-5A2C7363F376}.Debug|iPhone.Build.0 = Debug|x86
		{49CD2B88-3CE9-435B-9331-5A2C7363F376}.Debug|iPhone.Deploy.0 = Debug|x86
		{49CD2B88-3CE9-435B-9331-5A2C7363F376}.Debug|iPhoneSimulator.ActiveCfg = Debug|x86
		{49CD2B88-3CE9-435B-9331-5A2C7363F376}.Debug|iPhoneSimulator.Build.0 = Debug|x86
		{49CD2B88-3CE9-435B-9331-5A2C7363F376}.Debug|iPhoneSimulator.Deploy.0 = Debug|x86
		{49CD2B88-3CE9-435B-9331-5A2C7363F376}.Debug|x64.ActiveCfg = Debug|x64
		{49CD2B88-3CE9-435B-9331-5A2C7363F376}.Debug|x64.Build.0 = Debug|x64
		{49CD2B88-3CE9-435B-9331-5A2C7363F376}.Debug|x64.Deploy.0 = Debug|x64
		{49CD2B88-3CE9-435B-9331-5A2C7363F376}.Debug|x86.ActiveCfg = Debug|x86
		{49CD2B88-3CE9-435B-9331-5A2C7363F376}.Debug|x86.Build.0 = Debug|x86
		{49CD2B88-3CE9-435B-9331-5A2C7363F376}.Debug|x86.Deploy.0 = Debug|x86
		{49CD2B88-3CE9-435B-9331-5A2C7363F376}.Release|Any CPU.ActiveCfg = Release|x86
		{49CD2B88-3CE9-435B-9331-5A2C7363F376}.Release|Any CPU.Build.0 = Release|x86
		{49CD2B88-3CE9-435B-9331-5A2C7363F376}.Release|Any CPU.Deploy.0 = Release|x86
		{49CD2B88-3CE9-435B-9331-5A2C7363F376}.Release|ARM.ActiveCfg = Release|ARM
		{49CD2B88-3CE9-435B-9331-5A2C7363F376}.Release|ARM.Build.0 = Release|ARM
		{49CD2B88-3CE9-435B-9331-5A2C7363F376}.Release|ARM.Deploy.0 = Release|ARM
		{49CD2B88-3CE9-435B-9331-5A2C7363F376}.Release|iPhone.ActiveCfg = Release|x86
		{49CD2B88-3CE9-435B-9331-5A2C7363F376}.Release|iPhone.Build.0 = Release|x86
		{49CD2B88-3CE9-435B-9331-5A2C7363F376}.Release|iPhone.Deploy.0 = Release|x86
		{49CD2B88-3CE9-435B-9331-5A2C7363F376}.Release|iPhoneSimulator.ActiveCfg = Release|x86
		{49CD2B88-3CE9-435B-9331-5A2C7363F376}.Release|iPhoneSimulator.Build.0 = Release|x86
		{49CD2B88-3CE9-435B-9331-5A2C7363F376}.Release|iPhoneSimulator.Deploy.0 = Release|x86
		{49CD2B88-3CE9-435B-9331-5A2C7363F376}.Release|x64.ActiveCfg = Release|x64
		{49CD2B88-3CE9-435B-9331-5A2C7363F376}.Release|x64.Build.0 = Release|x64
		{49CD2B88-3CE9-435B-9331-5A2C7363F376}.Release|x64.Deploy.0 = Release|x64
		{49CD2B88-3CE9-435B-9331-5A2C7363F376}.Release|x86.ActiveCfg = Release|x86
		{49CD2B88-3CE9-435B-9331-5A2C7363F376}.Release|x86.Build.0 = Release|x86
		{49CD2B88-3CE9-435B-9331-5A2C7363F376}.Release|x86.Deploy.0 = Release|x86
		{960F91D0-0D75-415B-97F0-517ABB1AD95A}.Debug|Any CPU.ActiveCfg = Debug|Any CPU
		{960F91D0-0D75-415B-97F0-517ABB1AD95A}.Debug|Any CPU.Build.0 = Debug|Any CPU
		{960F91D0-0D75-415B-97F0-517ABB1AD95A}.Debug|Any CPU.Deploy.0 = Debug|Any CPU
		{960F91D0-0D75-415B-97F0-517ABB1AD95A}.Debug|ARM.ActiveCfg = Debug|Any CPU
		{960F91D0-0D75-415B-97F0-517ABB1AD95A}.Debug|ARM.Build.0 = Debug|Any CPU
		{960F91D0-0D75-415B-97F0-517ABB1AD95A}.Debug|ARM.Deploy.0 = Debug|Any CPU
		{960F91D0-0D75-415B-97F0-517ABB1AD95A}.Debug|iPhone.ActiveCfg = Debug|Any CPU
		{960F91D0-0D75-415B-97F0-517ABB1AD95A}.Debug|iPhone.Build.0 = Debug|Any CPU
		{960F91D0-0D75-415B-97F0-517ABB1AD95A}.Debug|iPhone.Deploy.0 = Debug|Any CPU
		{960F91D0-0D75-415B-97F0-517ABB1AD95A}.Debug|iPhoneSimulator.ActiveCfg = Debug|Any CPU
		{960F91D0-0D75-415B-97F0-517ABB1AD95A}.Debug|iPhoneSimulator.Build.0 = Debug|Any CPU
		{960F91D0-0D75-415B-97F0-517ABB1AD95A}.Debug|iPhoneSimulator.Deploy.0 = Debug|Any CPU
		{960F91D0-0D75-415B-97F0-517ABB1AD95A}.Debug|x64.ActiveCfg = Debug|Any CPU
		{960F91D0-0D75-415B-97F0-517ABB1AD95A}.Debug|x64.Build.0 = Debug|Any CPU
		{960F91D0-0D75-415B-97F0-517ABB1AD95A}.Debug|x64.Deploy.0 = Debug|Any CPU
		{960F91D0-0D75-415B-97F0-517ABB1AD95A}.Debug|x86.ActiveCfg = Debug|Any CPU
		{960F91D0-0D75-415B-97F0-517ABB1AD95A}.Debug|x86.Deploy.0 = Debug|Any CPU
		{960F91D0-0D75-415B-97F0-517ABB1AD95A}.Release|Any CPU.ActiveCfg = Release|Any CPU
		{960F91D0-0D75-415B-97F0-517ABB1AD95A}.Release|Any CPU.Build.0 = Release|Any CPU
		{960F91D0-0D75-415B-97F0-517ABB1AD95A}.Release|Any CPU.Deploy.0 = Release|Any CPU
		{960F91D0-0D75-415B-97F0-517ABB1AD95A}.Release|ARM.ActiveCfg = Release|Any CPU
		{960F91D0-0D75-415B-97F0-517ABB1AD95A}.Release|ARM.Build.0 = Release|Any CPU
		{960F91D0-0D75-415B-97F0-517ABB1AD95A}.Release|ARM.Deploy.0 = Release|Any CPU
		{960F91D0-0D75-415B-97F0-517ABB1AD95A}.Release|iPhone.ActiveCfg = Release|Any CPU
		{960F91D0-0D75-415B-97F0-517ABB1AD95A}.Release|iPhone.Build.0 = Release|Any CPU
		{960F91D0-0D75-415B-97F0-517ABB1AD95A}.Release|iPhone.Deploy.0 = Release|Any CPU
		{960F91D0-0D75-415B-97F0-517ABB1AD95A}.Release|iPhoneSimulator.ActiveCfg = Release|Any CPU
		{960F91D0-0D75-415B-97F0-517ABB1AD95A}.Release|iPhoneSimulator.Build.0 = Release|Any CPU
		{960F91D0-0D75-415B-97F0-517ABB1AD95A}.Release|iPhoneSimulator.Deploy.0 = Release|Any CPU
		{960F91D0-0D75-415B-97F0-517ABB1AD95A}.Release|x64.ActiveCfg = Release|Any CPU
		{960F91D0-0D75-415B-97F0-517ABB1AD95A}.Release|x64.Build.0 = Release|Any CPU
		{960F91D0-0D75-415B-97F0-517ABB1AD95A}.Release|x64.Deploy.0 = Release|Any CPU
		{960F91D0-0D75-415B-97F0-517ABB1AD95A}.Release|x86.ActiveCfg = Release|Any CPU
		{960F91D0-0D75-415B-97F0-517ABB1AD95A}.Release|x86.Build.0 = Release|Any CPU
		{960F91D0-0D75-415B-97F0-517ABB1AD95A}.Release|x86.Deploy.0 = Release|Any CPU
		{1307CAD8-AB2A-486F-95E3-DF6026553B0A}.Debug|Any CPU.ActiveCfg = Debug|Any CPU
		{1307CAD8-AB2A-486F-95E3-DF6026553B0A}.Debug|Any CPU.Build.0 = Debug|Any CPU
		{1307CAD8-AB2A-486F-95E3-DF6026553B0A}.Debug|Any CPU.Deploy.0 = Debug|Any CPU
		{1307CAD8-AB2A-486F-95E3-DF6026553B0A}.Debug|ARM.ActiveCfg = Debug|Any CPU
		{1307CAD8-AB2A-486F-95E3-DF6026553B0A}.Debug|ARM.Build.0 = Debug|Any CPU
		{1307CAD8-AB2A-486F-95E3-DF6026553B0A}.Debug|ARM.Deploy.0 = Debug|Any CPU
		{1307CAD8-AB2A-486F-95E3-DF6026553B0A}.Debug|iPhone.ActiveCfg = Debug|Any CPU
		{1307CAD8-AB2A-486F-95E3-DF6026553B0A}.Debug|iPhone.Build.0 = Debug|Any CPU
		{1307CAD8-AB2A-486F-95E3-DF6026553B0A}.Debug|iPhone.Deploy.0 = Debug|Any CPU
		{1307CAD8-AB2A-486F-95E3-DF6026553B0A}.Debug|iPhoneSimulator.ActiveCfg = Debug|Any CPU
		{1307CAD8-AB2A-486F-95E3-DF6026553B0A}.Debug|iPhoneSimulator.Build.0 = Debug|Any CPU
		{1307CAD8-AB2A-486F-95E3-DF6026553B0A}.Debug|iPhoneSimulator.Deploy.0 = Debug|Any CPU
		{1307CAD8-AB2A-486F-95E3-DF6026553B0A}.Debug|x64.ActiveCfg = Debug|Any CPU
		{1307CAD8-AB2A-486F-95E3-DF6026553B0A}.Debug|x64.Build.0 = Debug|Any CPU
		{1307CAD8-AB2A-486F-95E3-DF6026553B0A}.Debug|x64.Deploy.0 = Debug|Any CPU
		{1307CAD8-AB2A-486F-95E3-DF6026553B0A}.Debug|x86.ActiveCfg = Debug|Any CPU
		{1307CAD8-AB2A-486F-95E3-DF6026553B0A}.Debug|x86.Build.0 = Debug|Any CPU
		{1307CAD8-AB2A-486F-95E3-DF6026553B0A}.Debug|x86.Deploy.0 = Debug|Any CPU
		{1307CAD8-AB2A-486F-95E3-DF6026553B0A}.Release|Any CPU.ActiveCfg = Release|Any CPU
		{1307CAD8-AB2A-486F-95E3-DF6026553B0A}.Release|Any CPU.Build.0 = Release|Any CPU
		{1307CAD8-AB2A-486F-95E3-DF6026553B0A}.Release|Any CPU.Deploy.0 = Release|Any CPU
		{1307CAD8-AB2A-486F-95E3-DF6026553B0A}.Release|ARM.ActiveCfg = Release|Any CPU
		{1307CAD8-AB2A-486F-95E3-DF6026553B0A}.Release|ARM.Build.0 = Release|Any CPU
		{1307CAD8-AB2A-486F-95E3-DF6026553B0A}.Release|ARM.Deploy.0 = Release|Any CPU
		{1307CAD8-AB2A-486F-95E3-DF6026553B0A}.Release|iPhone.ActiveCfg = Release|Any CPU
		{1307CAD8-AB2A-486F-95E3-DF6026553B0A}.Release|iPhone.Build.0 = Release|Any CPU
		{1307CAD8-AB2A-486F-95E3-DF6026553B0A}.Release|iPhone.Deploy.0 = Release|Any CPU
		{1307CAD8-AB2A-486F-95E3-DF6026553B0A}.Release|iPhoneSimulator.ActiveCfg = Release|Any CPU
		{1307CAD8-AB2A-486F-95E3-DF6026553B0A}.Release|iPhoneSimulator.Build.0 = Release|Any CPU
		{1307CAD8-AB2A-486F-95E3-DF6026553B0A}.Release|iPhoneSimulator.Deploy.0 = Release|Any CPU
		{1307CAD8-AB2A-486F-95E3-DF6026553B0A}.Release|x64.ActiveCfg = Release|Any CPU
		{1307CAD8-AB2A-486F-95E3-DF6026553B0A}.Release|x64.Build.0 = Release|Any CPU
		{1307CAD8-AB2A-486F-95E3-DF6026553B0A}.Release|x64.Deploy.0 = Release|Any CPU
		{1307CAD8-AB2A-486F-95E3-DF6026553B0A}.Release|x86.ActiveCfg = Release|Any CPU
		{1307CAD8-AB2A-486F-95E3-DF6026553B0A}.Release|x86.Build.0 = Release|Any CPU
		{1307CAD8-AB2A-486F-95E3-DF6026553B0A}.Release|x86.Deploy.0 = Release|Any CPU
		{7FDD835D-D3FD-4728-A6F1-1AF73F44828E}.Debug|Any CPU.ActiveCfg = Debug|Any CPU
		{7FDD835D-D3FD-4728-A6F1-1AF73F44828E}.Debug|Any CPU.Build.0 = Debug|Any CPU
		{7FDD835D-D3FD-4728-A6F1-1AF73F44828E}.Debug|ARM.ActiveCfg = Debug|Any CPU
		{7FDD835D-D3FD-4728-A6F1-1AF73F44828E}.Debug|ARM.Build.0 = Debug|Any CPU
		{7FDD835D-D3FD-4728-A6F1-1AF73F44828E}.Debug|iPhone.ActiveCfg = Debug|Any CPU
		{7FDD835D-D3FD-4728-A6F1-1AF73F44828E}.Debug|iPhone.Build.0 = Debug|Any CPU
		{7FDD835D-D3FD-4728-A6F1-1AF73F44828E}.Debug|iPhoneSimulator.ActiveCfg = Debug|Any CPU
		{7FDD835D-D3FD-4728-A6F1-1AF73F44828E}.Debug|iPhoneSimulator.Build.0 = Debug|Any CPU
		{7FDD835D-D3FD-4728-A6F1-1AF73F44828E}.Debug|x64.ActiveCfg = Debug|Any CPU
		{7FDD835D-D3FD-4728-A6F1-1AF73F44828E}.Debug|x64.Build.0 = Debug|Any CPU
		{7FDD835D-D3FD-4728-A6F1-1AF73F44828E}.Debug|x86.ActiveCfg = Debug|Any CPU
		{7FDD835D-D3FD-4728-A6F1-1AF73F44828E}.Debug|x86.Build.0 = Debug|Any CPU
		{7FDD835D-D3FD-4728-A6F1-1AF73F44828E}.Release|Any CPU.ActiveCfg = Release|Any CPU
		{7FDD835D-D3FD-4728-A6F1-1AF73F44828E}.Release|Any CPU.Build.0 = Release|Any CPU
		{7FDD835D-D3FD-4728-A6F1-1AF73F44828E}.Release|ARM.ActiveCfg = Release|Any CPU
		{7FDD835D-D3FD-4728-A6F1-1AF73F44828E}.Release|ARM.Build.0 = Release|Any CPU
		{7FDD835D-D3FD-4728-A6F1-1AF73F44828E}.Release|iPhone.ActiveCfg = Release|Any CPU
		{7FDD835D-D3FD-4728-A6F1-1AF73F44828E}.Release|iPhone.Build.0 = Release|Any CPU
		{7FDD835D-D3FD-4728-A6F1-1AF73F44828E}.Release|iPhoneSimulator.ActiveCfg = Release|Any CPU
		{7FDD835D-D3FD-4728-A6F1-1AF73F44828E}.Release|iPhoneSimulator.Build.0 = Release|Any CPU
		{7FDD835D-D3FD-4728-A6F1-1AF73F44828E}.Release|x64.ActiveCfg = Release|Any CPU
		{7FDD835D-D3FD-4728-A6F1-1AF73F44828E}.Release|x64.Build.0 = Release|Any CPU
		{7FDD835D-D3FD-4728-A6F1-1AF73F44828E}.Release|x86.ActiveCfg = Release|Any CPU
		{7FDD835D-D3FD-4728-A6F1-1AF73F44828E}.Release|x86.Build.0 = Release|Any CPU
		{6990EA41-3280-49F4-AD19-ACE9CA5C0D48}.Debug|Any CPU.ActiveCfg = Debug|Any CPU
		{6990EA41-3280-49F4-AD19-ACE9CA5C0D48}.Debug|Any CPU.Build.0 = Debug|Any CPU
		{6990EA41-3280-49F4-AD19-ACE9CA5C0D48}.Debug|ARM.ActiveCfg = Debug|Any CPU
		{6990EA41-3280-49F4-AD19-ACE9CA5C0D48}.Debug|ARM.Build.0 = Debug|Any CPU
		{6990EA41-3280-49F4-AD19-ACE9CA5C0D48}.Debug|iPhone.ActiveCfg = Debug|Any CPU
		{6990EA41-3280-49F4-AD19-ACE9CA5C0D48}.Debug|iPhone.Build.0 = Debug|Any CPU
		{6990EA41-3280-49F4-AD19-ACE9CA5C0D48}.Debug|iPhoneSimulator.ActiveCfg = Debug|Any CPU
		{6990EA41-3280-49F4-AD19-ACE9CA5C0D48}.Debug|iPhoneSimulator.Build.0 = Debug|Any CPU
		{6990EA41-3280-49F4-AD19-ACE9CA5C0D48}.Debug|x64.ActiveCfg = Debug|Any CPU
		{6990EA41-3280-49F4-AD19-ACE9CA5C0D48}.Debug|x64.Build.0 = Debug|Any CPU
		{6990EA41-3280-49F4-AD19-ACE9CA5C0D48}.Debug|x86.ActiveCfg = Debug|Any CPU
		{6990EA41-3280-49F4-AD19-ACE9CA5C0D48}.Debug|x86.Build.0 = Debug|Any CPU
		{6990EA41-3280-49F4-AD19-ACE9CA5C0D48}.Release|Any CPU.ActiveCfg = Release|Any CPU
		{6990EA41-3280-49F4-AD19-ACE9CA5C0D48}.Release|Any CPU.Build.0 = Release|Any CPU
		{6990EA41-3280-49F4-AD19-ACE9CA5C0D48}.Release|ARM.ActiveCfg = Release|Any CPU
		{6990EA41-3280-49F4-AD19-ACE9CA5C0D48}.Release|ARM.Build.0 = Release|Any CPU
		{6990EA41-3280-49F4-AD19-ACE9CA5C0D48}.Release|iPhone.ActiveCfg = Release|Any CPU
		{6990EA41-3280-49F4-AD19-ACE9CA5C0D48}.Release|iPhone.Build.0 = Release|Any CPU
		{6990EA41-3280-49F4-AD19-ACE9CA5C0D48}.Release|iPhoneSimulator.ActiveCfg = Release|Any CPU
		{6990EA41-3280-49F4-AD19-ACE9CA5C0D48}.Release|iPhoneSimulator.Build.0 = Release|Any CPU
		{6990EA41-3280-49F4-AD19-ACE9CA5C0D48}.Release|x64.ActiveCfg = Release|Any CPU
		{6990EA41-3280-49F4-AD19-ACE9CA5C0D48}.Release|x64.Build.0 = Release|Any CPU
		{6990EA41-3280-49F4-AD19-ACE9CA5C0D48}.Release|x86.ActiveCfg = Release|Any CPU
		{6990EA41-3280-49F4-AD19-ACE9CA5C0D48}.Release|x86.Build.0 = Release|Any CPU
		{0B0B34DA-ED40-4759-8106-874FD03F0CCA}.Debug|Any CPU.ActiveCfg = Debug|Any CPU
		{0B0B34DA-ED40-4759-8106-874FD03F0CCA}.Debug|Any CPU.Build.0 = Debug|Any CPU
		{0B0B34DA-ED40-4759-8106-874FD03F0CCA}.Debug|ARM.ActiveCfg = Debug|Any CPU
		{0B0B34DA-ED40-4759-8106-874FD03F0CCA}.Debug|ARM.Build.0 = Debug|Any CPU
		{0B0B34DA-ED40-4759-8106-874FD03F0CCA}.Debug|iPhone.ActiveCfg = Debug|Any CPU
		{0B0B34DA-ED40-4759-8106-874FD03F0CCA}.Debug|iPhone.Build.0 = Debug|Any CPU
		{0B0B34DA-ED40-4759-8106-874FD03F0CCA}.Debug|iPhoneSimulator.ActiveCfg = Debug|Any CPU
		{0B0B34DA-ED40-4759-8106-874FD03F0CCA}.Debug|iPhoneSimulator.Build.0 = Debug|Any CPU
		{0B0B34DA-ED40-4759-8106-874FD03F0CCA}.Debug|x64.ActiveCfg = Debug|Any CPU
		{0B0B34DA-ED40-4759-8106-874FD03F0CCA}.Debug|x64.Build.0 = Debug|Any CPU
		{0B0B34DA-ED40-4759-8106-874FD03F0CCA}.Debug|x86.ActiveCfg = Debug|Any CPU
		{0B0B34DA-ED40-4759-8106-874FD03F0CCA}.Debug|x86.Build.0 = Debug|Any CPU
		{0B0B34DA-ED40-4759-8106-874FD03F0CCA}.Release|Any CPU.ActiveCfg = Release|Any CPU
		{0B0B34DA-ED40-4759-8106-874FD03F0CCA}.Release|Any CPU.Build.0 = Release|Any CPU
		{0B0B34DA-ED40-4759-8106-874FD03F0CCA}.Release|ARM.ActiveCfg = Release|Any CPU
		{0B0B34DA-ED40-4759-8106-874FD03F0CCA}.Release|ARM.Build.0 = Release|Any CPU
		{0B0B34DA-ED40-4759-8106-874FD03F0CCA}.Release|iPhone.ActiveCfg = Release|Any CPU
		{0B0B34DA-ED40-4759-8106-874FD03F0CCA}.Release|iPhone.Build.0 = Release|Any CPU
		{0B0B34DA-ED40-4759-8106-874FD03F0CCA}.Release|iPhoneSimulator.ActiveCfg = Release|Any CPU
		{0B0B34DA-ED40-4759-8106-874FD03F0CCA}.Release|iPhoneSimulator.Build.0 = Release|Any CPU
		{0B0B34DA-ED40-4759-8106-874FD03F0CCA}.Release|x64.ActiveCfg = Release|Any CPU
		{0B0B34DA-ED40-4759-8106-874FD03F0CCA}.Release|x64.Build.0 = Release|Any CPU
		{0B0B34DA-ED40-4759-8106-874FD03F0CCA}.Release|x86.ActiveCfg = Release|Any CPU
		{0B0B34DA-ED40-4759-8106-874FD03F0CCA}.Release|x86.Build.0 = Release|Any CPU
	EndGlobalSection
	GlobalSection(SolutionProperties) = preSolution
		HideSolutionNode = FALSE
	EndGlobalSection
	GlobalSection(NestedProjects) = preSolution
		{0B0B34DA-ED40-4759-8106-874FD03F0CCA} = {CFE9BDF8-6CAA-4EAA-B068-E8973C53DEC4}
	EndGlobalSection
	GlobalSection(ExtensibilityGlobals) = postSolution
		SolutionGuid = {C2C2B8CE-648B-419C-9442-07E4F51C37E8}
	EndGlobalSection
EndGlobal
